
Microsoft Visual Studio Solution File, Format Version 12.00
# Visual Studio 15
VisualStudioVersion = 15.0.27130.2010
MinimumVisualStudioVersion = 10.0.40219.1
Project("{FAE04EC0-301F-11D3-BF4B-00C04F79EFBC}") = "MA.Dao.Generate.VSIX", "MA.Dao.Generate.VSIX\MA.Dao.Generate.VSIX.csproj", "{8D33BBF5-EE9D-4FFE-9442-3A79806C94EF}"
EndProject
Project("{FAE04EC0-301F-11D3-BF4B-00C04F79EFBC}") = "MA.Dao.Generate.VSIX.App", "MA.Dao.Generate.VSIX\MA.Dao.Generate.VSIX.App\MA.Dao.Generate.VSIX.App.csproj", "{6FC7E5CE-6E7C-42A2-A9F2-D109A59B3C5E}"
EndProject
Project("{9A19103F-16F7-4668-BE54-9A1E7A4F7556}") = "Npgsql", "MA.Dao.Generate.VSIX\MA.Dao.Generate.VSIX.App\Other Databases\Npgsql\Npgsql.csproj", "{4D95DFE6-9F3C-4478-9AE5-3E08BA7226D5}"
EndProject
Project("{FAE04EC0-301F-11D3-BF4B-00C04F79EFBC}") = "MySql.Data", "MA.Dao.Generate.VSIX\MA.Dao.Generate.VSIX.App\Other Databases\MySql.Data\MySql.Data.csproj", "{E9DF5ED1-4CBD-4226-B931-9A51610AC14D}"
EndProject
Project("{FAE04EC0-301F-11D3-BF4B-00C04F79EFBC}") = "MA.Dal", "MA.Dal\MA.Dal.csproj", "{5A591807-FF21-4A96-8DF8-48F1BB10263B}"
EndProject
Project("{FAE04EC0-301F-11D3-BF4B-00C04F79EFBC}") = "MA.Dao", "MA.Dao\MA.Dao.csproj", "{C12E2120-BC12-4D64-ADDD-9FBFF13B9862}"
EndProject
Project("{FAE04EC0-301F-11D3-BF4B-00C04F79EFBC}") = "MA.Dal.Dao.WebSite.UI", "MA.Dal.Dao.WebSite.UI\MA.Dal.Dao.WebSite.UI.csproj", "{6F1CEFC9-303E-47FD-9C99-14B3DD8B548D}"
EndProject
Global
	GlobalSection(SolutionConfigurationPlatforms) = preSolution
		Debug|Any CPU = Debug|Any CPU
		Release|Any CPU = Release|Any CPU
		ReleaseNET40_Only|Any CPU = ReleaseNET40_Only|Any CPU
	EndGlobalSection
	GlobalSection(ProjectConfigurationPlatforms) = postSolution
		{8D33BBF5-EE9D-4FFE-9442-3A79806C94EF}.Debug|Any CPU.ActiveCfg = Debug|Any CPU
		{8D33BBF5-EE9D-4FFE-9442-3A79806C94EF}.Debug|Any CPU.Build.0 = Debug|Any CPU
		{8D33BBF5-EE9D-4FFE-9442-3A79806C94EF}.Release|Any CPU.ActiveCfg = Release|Any CPU
		{8D33BBF5-EE9D-4FFE-9442-3A79806C94EF}.Release|Any CPU.Build.0 = Release|Any CPU
		{8D33BBF5-EE9D-4FFE-9442-3A79806C94EF}.ReleaseNET40_Only|Any CPU.ActiveCfg = Release|Any CPU
		{8D33BBF5-EE9D-4FFE-9442-3A79806C94EF}.ReleaseNET40_Only|Any CPU.Build.0 = Release|Any CPU
		{6FC7E5CE-6E7C-42A2-A9F2-D109A59B3C5E}.Debug|Any CPU.ActiveCfg = Debug|Any CPU
		{6FC7E5CE-6E7C-42A2-A9F2-D109A59B3C5E}.Debug|Any CPU.Build.0 = Debug|Any CPU
		{6FC7E5CE-6E7C-42A2-A9F2-D109A59B3C5E}.Release|Any CPU.ActiveCfg = Release|Any CPU
		{6FC7E5CE-6E7C-42A2-A9F2-D109A59B3C5E}.Release|Any CPU.Build.0 = Release|Any CPU
		{6FC7E5CE-6E7C-42A2-A9F2-D109A59B3C5E}.ReleaseNET40_Only|Any CPU.ActiveCfg = Release|Any CPU
		{6FC7E5CE-6E7C-42A2-A9F2-D109A59B3C5E}.ReleaseNET40_Only|Any CPU.Build.0 = Release|Any CPU
		{4D95DFE6-9F3C-4478-9AE5-3E08BA7226D5}.Debug|Any CPU.ActiveCfg = Debug|Any CPU
		{4D95DFE6-9F3C-4478-9AE5-3E08BA7226D5}.Debug|Any CPU.Build.0 = Debug|Any CPU
		{4D95DFE6-9F3C-4478-9AE5-3E08BA7226D5}.Release|Any CPU.ActiveCfg = Release|Any CPU
		{4D95DFE6-9F3C-4478-9AE5-3E08BA7226D5}.Release|Any CPU.Build.0 = Release|Any CPU
		{4D95DFE6-9F3C-4478-9AE5-3E08BA7226D5}.ReleaseNET40_Only|Any CPU.ActiveCfg = Release|Any CPU
		{4D95DFE6-9F3C-4478-9AE5-3E08BA7226D5}.ReleaseNET40_Only|Any CPU.Build.0 = Release|Any CPU
		{E9DF5ED1-4CBD-4226-B931-9A51610AC14D}.Debug|Any CPU.ActiveCfg = Debug|Any CPU
		{E9DF5ED1-4CBD-4226-B931-9A51610AC14D}.Debug|Any CPU.Build.0 = Debug|Any CPU
		{E9DF5ED1-4CBD-4226-B931-9A51610AC14D}.Release|Any CPU.ActiveCfg = Release|Any CPU
		{E9DF5ED1-4CBD-4226-B931-9A51610AC14D}.Release|Any CPU.Build.0 = Release|Any CPU
		{E9DF5ED1-4CBD-4226-B931-9A51610AC14D}.ReleaseNET40_Only|Any CPU.ActiveCfg = ReleaseNET40_Only|Any CPU
		{E9DF5ED1-4CBD-4226-B931-9A51610AC14D}.ReleaseNET40_Only|Any CPU.Build.0 = ReleaseNET40_Only|Any CPU
		{5A591807-FF21-4A96-8DF8-48F1BB10263B}.Debug|Any CPU.ActiveCfg = Debug|Any CPU
		{5A591807-FF21-4A96-8DF8-48F1BB10263B}.Debug|Any CPU.Build.0 = Debug|Any CPU
		{5A591807-FF21-4A96-8DF8-48F1BB10263B}.Release|Any CPU.ActiveCfg = Release|Any CPU
		{5A591807-FF21-4A96-8DF8-48F1BB10263B}.Release|Any CPU.Build.0 = Release|Any CPU
		{5A591807-FF21-4A96-8DF8-48F1BB10263B}.ReleaseNET40_Only|Any CPU.ActiveCfg = Release|Any CPU
		{5A591807-FF21-4A96-8DF8-48F1BB10263B}.ReleaseNET40_Only|Any CPU.Build.0 = Release|Any CPU
		{C12E2120-BC12-4D64-ADDD-9FBFF13B9862}.Debug|Any CPU.ActiveCfg = Debug|Any CPU
		{C12E2120-BC12-4D64-ADDD-9FBFF13B9862}.Debug|Any CPU.Build.0 = Debug|Any CPU
		{C12E2120-BC12-4D64-ADDD-9FBFF13B9862}.Release|Any CPU.ActiveCfg = Release|Any CPU
		{C12E2120-BC12-4D64-ADDD-9FBFF13B9862}.Release|Any CPU.Build.0 = Release|Any CPU
		{C12E2120-BC12-4D64-ADDD-9FBFF13B9862}.ReleaseNET40_Only|Any CPU.ActiveCfg = Release|Any CPU
		{C12E2120-BC12-4D64-ADDD-9FBFF13B9862}.ReleaseNET40_Only|Any CPU.Build.0 = Release|Any CPU
		{6F1CEFC9-303E-47FD-9C99-14B3DD8B548D}.Debug|Any CPU.ActiveCfg = Debug|Any CPU
		{6F1CEFC9-303E-47FD-9C99-14B3DD8B548D}.Debug|Any CPU.Build.0 = Debug|Any CPU
		{6F1CEFC9-303E-47FD-9C99-14B3DD8B548D}.Release|Any CPU.ActiveCfg = Release|Any CPU
		{6F1CEFC9-303E-47FD-9C99-14B3DD8B548D}.Release|Any CPU.Build.0 = Release|Any CPU
		{6F1CEFC9-303E-47FD-9C99-14B3DD8B548D}.ReleaseNET40_Only|Any CPU.ActiveCfg = Release|Any CPU
		{6F1CEFC9-303E-47FD-9C99-14B3DD8B548D}.ReleaseNET40_Only|Any CPU.Build.0 = Release|Any CPU
	EndGlobalSection
	GlobalSection(SolutionProperties) = preSolution
		HideSolutionNode = FALSE
	EndGlobalSection
	GlobalSection(ExtensibilityGlobals) = postSolution
		SolutionGuid = {142DA26D-DDF4-4100-9C42-76FBC2521568}
	EndGlobalSection
EndGlobal
